{
  "name": "com.gruijter.powerhour",
  "version": "2.3.0",
  "lockfileVersion": 1,
  "requires": true,
  "dependencies": {
    "athom-api": {
      "version": "3.3.0",
      "resolved": "https://registry.npmjs.org/athom-api/-/athom-api-3.3.0.tgz",
      "integrity": "sha512-21zC5YpmGWXYK/huJ3zsgpzryaSrFVkCHzHbVChrD0qhkwVMHNaKzvYTO/XGAz5EgOH3hia6T8V/BE301vliQQ=="
    }
  }
}
