{
  "name": "com.gruijter.powerhour",
  "version": "3.2.0",
  "lockfileVersion": 2,
  "requires": true,
  "packages": {
    "": {
      "name": "com.gruijter.powerhour",
      "version": "3.0.0",
      "license": "GPL-3.0-or-later",
      "dependencies": {
        "athom-api": "^3.7.1"
      }
    },
    "node_modules/athom-api": {
      "version": "3.7.1",
      "resolved": "https://registry.npmjs.org/athom-api/-/athom-api-3.7.1.tgz",
      "integrity": "sha512-QxMOELBXdwYTOJEj/fClw4/z8tjYRr+5qBiW/6j32wwzBfPfJwXDwU+dNsc5FA47i+jxJty9mDqHqHJR2j1yeQ=="
    }
  },
  "dependencies": {
    "athom-api": {
      "version": "3.7.1",
      "resolved": "https://registry.npmjs.org/athom-api/-/athom-api-3.7.1.tgz",
      "integrity": "sha512-QxMOELBXdwYTOJEj/fClw4/z8tjYRr+5qBiW/6j32wwzBfPfJwXDwU+dNsc5FA47i+jxJty9mDqHqHJR2j1yeQ=="
    }
  }
}
