{
  "name": "com.gruijter.powerhour",
  "version": "2.4.1",
  "lockfileVersion": 1,
  "requires": true,
  "dependencies": {
    "athom-api": {
      "version": "3.4.1",
      "resolved": "https://registry.npmjs.org/athom-api/-/athom-api-3.4.1.tgz",
      "integrity": "sha512-sjHr5iWo4RxjMXgkoUJLyvhn/KvoOox1fYfAEVE7WTq5nxWyWIvI2Tmyk1R8oDr1+kavOn8MlrKoqY75phqLaw=="
    }
  }
}
